
Microsoft Visual Studio Solution File, Format Version 12.00
# Visual Studio Version 16
VisualStudioVersion = 16.0.30621.155
MinimumVisualStudioVersion = 10.0.40219.1
Project("{FAE04EC0-301F-11D3-BF4B-00C04F79EFBC}") = "PrimeNumber", "PrimeNumber\PrimeNumber.csproj", "{032A8C21-A3FB-4179-A2D9-F5457D31BDCE}"
EndProject
Global
	GlobalSection(SolutionConfigurationPlatforms) = preSolution
		Debug|Any CPU = Debug|Any CPU
		Release|Any CPU = Release|Any CPU
	EndGlobalSection
	GlobalSection(ProjectConfigurationPlatforms) = postSolution
		{032A8C21-A3FB-4179-A2D9-F5457D31BDCE}.Debug|Any CPU.ActiveCfg = Debug|Any CPU
		{032A8C21-A3FB-4179-A2D9-F5457D31BDCE}.Debug|Any CPU.Build.0 = Debug|Any CPU
		{032A8C21-A3FB-4179-A2D9-F5457D31BDCE}.Release|Any CPU.ActiveCfg = Release|Any CPU
		{032A8C21-A3FB-4179-A2D9-F5457D31BDCE}.Release|Any CPU.Build.0 = Release|Any CPU
	EndGlobalSection
	GlobalSection(SolutionProperties) = preSolution
		HideSolutionNode = FALSE
	EndGlobalSection
	GlobalSection(ExtensibilityGlobals) = postSolution
		SolutionGuid = {2451747A-A94C-408E-968F-D5CDB221A104}
	EndGlobalSection
EndGlobal
